
Microsoft Visual Studio Solution File, Format Version 12.00
# Visual Studio Version 17
VisualStudioVersion = 17.14.35906.104 d17.14
MinimumVisualStudioVersion = 10.0.40219.1
Project("{FAE04EC0-301F-11D3-BF4B-00C04F79EFBC}") = "Meow", "Meow.csproj", "{4E26C392-761D-4E0F-916D-3875AEBEE14C}"
EndProject
Global
	GlobalSection(SolutionConfigurationPlatforms) = preSolution
		Debug|Any CPU = Debug|Any CPU
		Release|Any CPU = Release|Any CPU
	EndGlobalSection
	GlobalSection(ProjectConfigurationPlatforms) = postSolution
		{4E26C392-761D-4E0F-916D-3875AEBEE14C}.Debug|Any CPU.ActiveCfg = Debug|Any CPU
		{4E26C392-761D-4E0F-916D-3875AEBEE14C}.Debug|Any CPU.Build.0 = Debug|Any CPU
		{4E26C392-761D-4E0F-916D-3875AEBEE14C}.Release|Any CPU.ActiveCfg = Release|Any CPU
		{4E26C392-761D-4E0F-916D-3875AEBEE14C}.Release|Any CPU.Build.0 = Release|Any CPU
	EndGlobalSection
	GlobalSection(SolutionProperties) = preSolution
		HideSolutionNode = FALSE
	EndGlobalSection
	GlobalSection(ExtensibilityGlobals) = postSolution
		SolutionGuid = {53B4050C-9318-47E1-9247-B19E9F252723}
	EndGlobalSection
EndGlobal
